
Microsoft Visual Studio Solution File, Format Version 12.00
# Visual Studio Version 17
VisualStudioVersion = 17.0.31903.59
MinimumVisualStudioVersion = 10.0.40219.1
Project("{2150E333-8FDC-42A3-9474-1A3956D46DE8}") = "src", "src", "{35CCCC78-1653-450E-B3A0-B177CDEBF44E}"
EndProject
Project("{2150E333-8FDC-42A3-9474-1A3956D46DE8}") = "shared", "shared", "{9DD63D8E-0083-44E6-BCB4-93E67D072967}"
EndProject
Project("{FAE04EC0-301F-11D3-BF4B-00C04F79EFBC}") = "Harbor.Common", "src\shared\Harbor.Common\Harbor.Common.csproj", "{7759C2A6-55EE-4CAF-B778-E5054D487EB4}"
EndProject
Project("{FAE04EC0-301F-11D3-BF4B-00C04F79EFBC}") = "Harbor.Contracts", "src\shared\Harbor.Contracts\Harbor.Contracts.csproj", "{7F25DEF4-FDF2-453B-873D-7DC9283865EC}"
EndProject
Project("{2150E333-8FDC-42A3-9474-1A3956D46DE8}") = "backend", "backend", "{B8792A98-72F0-43FD-B5C6-EA6ABD59E420}"
EndProject
Project("{FAE04EC0-301F-11D3-BF4B-00C04F79EFBC}") = "Harbor.ApiGateway", "src\backend\Harbor.ApiGateway\Harbor.ApiGateway.csproj", "{7E6AE941-1E3F-4375-A7F8-01B59FEF9ABF}"
EndProject
Project("{FAE04EC0-301F-11D3-BF4B-00C04F79EFBC}") = "Harbor.Authentication", "src\backend\Harbor.Authentication\Harbor.Authentication.csproj", "{94801DBB-BAEE-4C23-A0CE-5C97064A4842}"
EndProject
Project("{FAE04EC0-301F-11D3-BF4B-00C04F79EFBC}") = "Harbor.Project", "src\backend\Harbor.Project\Harbor.Project.csproj", "{52960F06-8C23-4AEA-9FF1-D8B64C749889}"
EndProject
Project("{FAE04EC0-301F-11D3-BF4B-00C04F79EFBC}") = "Harbor.Environment", "src\backend\Harbor.Environment\Harbor.Environment.csproj", "{430B71BA-F61C-45CF-BC51-F46BCA6FAF58}"
EndProject
Project("{FAE04EC0-301F-11D3-BF4B-00C04F79EFBC}") = "Harbor.Deployment", "src\backend\Harbor.Deployment\Harbor.Deployment.csproj", "{FBA568E3-1389-4289-BD4B-A04049D43360}"
EndProject
Project("{FAE04EC0-301F-11D3-BF4B-00C04F79EFBC}") = "Harbor.Reporting", "src\backend\Harbor.Reporting\Harbor.Reporting.csproj", "{5B72602C-B160-4551-BBA5-D20C7383F5A8}"
EndProject
Project("{2150E333-8FDC-42A3-9474-1A3956D46DE8}") = "tests", "tests", "{1F19229A-71B5-48FC-AE83-65E124349ECB}"
EndProject
Project("{FAE04EC0-301F-11D3-BF4B-00C04F79EFBC}") = "Harbor.E2ETests", "tests\Harbor.E2ETests\Harbor.E2ETests.csproj", "{14304D9E-ADB9-4DF4-91D7-58B1F4AD98A1}"
EndProject
Project("{2150E333-8FDC-42A3-9474-1A3956D46DE8}") = "unit", "unit", "{D3EC7B60-0B9F-4AE9-8C8A-A9FCF0805F9D}"
EndProject
Project("{FAE04EC0-301F-11D3-BF4B-00C04F79EFBC}") = "Harbor.Authentication.Tests", "tests\unit\Harbor.Authentication.Tests\Harbor.Authentication.Tests.csproj", "{76F6675B-21AF-459C-AAFB-DA9EE9788D11}"
EndProject
Project("{FAE04EC0-301F-11D3-BF4B-00C04F79EFBC}") = "Harbor.Project.Tests", "tests\unit\Harbor.Project.Tests\Harbor.Project.Tests.csproj", "{4C684650-FE41-4895-8910-FC7DA292544D}"
EndProject
Project("{2150E333-8FDC-42A3-9474-1A3956D46DE8}") = "integration", "integration", "{CC292182-0C2F-4EC7-BA0C-EDE1C79F08EC}"
EndProject
Project("{FAE04EC0-301F-11D3-BF4B-00C04F79EFBC}") = "Harbor.Project.IntegrationTests", "tests\integration\Harbor.Project.IntegrationTests\Harbor.Project.IntegrationTests.csproj", "{6EE338A8-0E17-4366-B6CF-C6A8E025DEAE}"
EndProject
Project("{FAE04EC0-301F-11D3-BF4B-00C04F79EFBC}") = "Harbor.Deployment.Tests", "tests\unit\Harbor.Deployment.Tests\Harbor.Deployment.Tests.csproj", "{A6053AC3-B501-4B8E-8E23-98B7E07EAB8F}"
EndProject
Project("{FAE04EC0-301F-11D3-BF4B-00C04F79EFBC}") = "Harbor.Environment.Tests", "tests\unit\Harbor.Environment.Tests\Harbor.Environment.Tests.csproj", "{B18D9948-4A79-4C82-8C79-FE6A059B895B}"
EndProject
Project("{FAE04EC0-301F-11D3-BF4B-00C04F79EFBC}") = "Harbor.Environment.IntegrationTests", "tests\integration\Harbor.Environment.IntegrationTests\Harbor.Environment.IntegrationTests.csproj", "{D7649CC0-64E2-4D8E-89A6-8E1E34BAEB11}"
EndProject
Global
	GlobalSection(SolutionConfigurationPlatforms) = preSolution
		Debug|Any CPU = Debug|Any CPU
		Debug|x64 = Debug|x64
		Debug|x86 = Debug|x86
		Release|Any CPU = Release|Any CPU
		Release|x64 = Release|x64
		Release|x86 = Release|x86
	EndGlobalSection
	GlobalSection(ProjectConfigurationPlatforms) = postSolution
		{7759C2A6-55EE-4CAF-B778-E5054D487EB4}.Debug|Any CPU.ActiveCfg = Debug|Any CPU
		{7759C2A6-55EE-4CAF-B778-E5054D487EB4}.Debug|Any CPU.Build.0 = Debug|Any CPU
		{7759C2A6-55EE-4CAF-B778-E5054D487EB4}.Debug|x64.ActiveCfg = Debug|Any CPU
		{7759C2A6-55EE-4CAF-B778-E5054D487EB4}.Debug|x64.Build.0 = Debug|Any CPU
		{7759C2A6-55EE-4CAF-B778-E5054D487EB4}.Debug|x86.ActiveCfg = Debug|Any CPU
		{7759C2A6-55EE-4CAF-B778-E5054D487EB4}.Debug|x86.Build.0 = Debug|Any CPU
		{7759C2A6-55EE-4CAF-B778-E5054D487EB4}.Release|Any CPU.ActiveCfg = Release|Any CPU
		{7759C2A6-55EE-4CAF-B778-E5054D487EB4}.Release|Any CPU.Build.0 = Release|Any CPU
		{7759C2A6-55EE-4CAF-B778-E5054D487EB4}.Release|x64.ActiveCfg = Release|Any CPU
		{7759C2A6-55EE-4CAF-B778-E5054D487EB4}.Release|x64.Build.0 = Release|Any CPU
		{7759C2A6-55EE-4CAF-B778-E5054D487EB4}.Release|x86.ActiveCfg = Release|Any CPU
		{7759C2A6-55EE-4CAF-B778-E5054D487EB4}.Release|x86.Build.0 = Release|Any CPU
		{7F25DEF4-FDF2-453B-873D-7DC9283865EC}.Debug|Any CPU.ActiveCfg = Debug|Any CPU
		{7F25DEF4-FDF2-453B-873D-7DC9283865EC}.Debug|Any CPU.Build.0 = Debug|Any CPU
		{7F25DEF4-FDF2-453B-873D-7DC9283865EC}.Debug|x64.ActiveCfg = Debug|Any CPU
		{7F25DEF4-FDF2-453B-873D-7DC9283865EC}.Debug|x64.Build.0 = Debug|Any CPU
		{7F25DEF4-FDF2-453B-873D-7DC9283865EC}.Debug|x86.ActiveCfg = Debug|Any CPU
		{7F25DEF4-FDF2-453B-873D-7DC9283865EC}.Debug|x86.Build.0 = Debug|Any CPU
		{7F25DEF4-FDF2-453B-873D-7DC9283865EC}.Release|Any CPU.ActiveCfg = Release|Any CPU
		{7F25DEF4-FDF2-453B-873D-7DC9283865EC}.Release|Any CPU.Build.0 = Release|Any CPU
		{7F25DEF4-FDF2-453B-873D-7DC9283865EC}.Release|x64.ActiveCfg = Release|Any CPU
		{7F25DEF4-FDF2-453B-873D-7DC9283865EC}.Release|x64.Build.0 = Release|Any CPU
		{7F25DEF4-FDF2-453B-873D-7DC9283865EC}.Release|x86.ActiveCfg = Release|Any CPU
		{7F25DEF4-FDF2-453B-873D-7DC9283865EC}.Release|x86.Build.0 = Release|Any CPU
		{7E6AE941-1E3F-4375-A7F8-01B59FEF9ABF}.Debug|Any CPU.ActiveCfg = Debug|Any CPU
		{7E6AE941-1E3F-4375-A7F8-01B59FEF9ABF}.Debug|Any CPU.Build.0 = Debug|Any CPU
		{7E6AE941-1E3F-4375-A7F8-01B59FEF9ABF}.Debug|x64.ActiveCfg = Debug|Any CPU
		{7E6AE941-1E3F-4375-A7F8-01B59FEF9ABF}.Debug|x64.Build.0 = Debug|Any CPU
		{7E6AE941-1E3F-4375-A7F8-01B59FEF9ABF}.Debug|x86.ActiveCfg = Debug|Any CPU
		{7E6AE941-1E3F-4375-A7F8-01B59FEF9ABF}.Debug|x86.Build.0 = Debug|Any CPU
		{7E6AE941-1E3F-4375-A7F8-01B59FEF9ABF}.Release|Any CPU.ActiveCfg = Release|Any CPU
		{7E6AE941-1E3F-4375-A7F8-01B59FEF9ABF}.Release|Any CPU.Build.0 = Release|Any CPU
		{7E6AE941-1E3F-4375-A7F8-01B59FEF9ABF}.Release|x64.ActiveCfg = Release|Any CPU
		{7E6AE941-1E3F-4375-A7F8-01B59FEF9ABF}.Release|x64.Build.0 = Release|Any CPU
		{7E6AE941-1E3F-4375-A7F8-01B59FEF9ABF}.Release|x86.ActiveCfg = Release|Any CPU
		{7E6AE941-1E3F-4375-A7F8-01B59FEF9ABF}.Release|x86.Build.0 = Release|Any CPU
		{94801DBB-BAEE-4C23-A0CE-5C97064A4842}.Debug|Any CPU.ActiveCfg = Debug|Any CPU
		{94801DBB-BAEE-4C23-A0CE-5C97064A4842}.Debug|Any CPU.Build.0 = Debug|Any CPU
		{94801DBB-BAEE-4C23-A0CE-5C97064A4842}.Debug|x64.ActiveCfg = Debug|Any CPU
		{94801DBB-BAEE-4C23-A0CE-5C97064A4842}.Debug|x64.Build.0 = Debug|Any CPU
		{94801DBB-BAEE-4C23-A0CE-5C97064A4842}.Debug|x86.ActiveCfg = Debug|Any CPU
		{94801DBB-BAEE-4C23-A0CE-5C97064A4842}.Debug|x86.Build.0 = Debug|Any CPU
		{94801DBB-BAEE-4C23-A0CE-5C97064A4842}.Release|Any CPU.ActiveCfg = Release|Any CPU
		{94801DBB-BAEE-4C23-A0CE-5C97064A4842}.Release|Any CPU.Build.0 = Release|Any CPU
		{94801DBB-BAEE-4C23-A0CE-5C97064A4842}.Release|x64.ActiveCfg = Release|Any CPU
		{94801DBB-BAEE-4C23-A0CE-5C97064A4842}.Release|x64.Build.0 = Release|Any CPU
		{94801DBB-BAEE-4C23-A0CE-5C97064A4842}.Release|x86.ActiveCfg = Release|Any CPU
		{94801DBB-BAEE-4C23-A0CE-5C97064A4842}.Release|x86.Build.0 = Release|Any CPU
		{52960F06-8C23-4AEA-9FF1-D8B64C749889}.Debug|Any CPU.ActiveCfg = Debug|Any CPU
		{52960F06-8C23-4AEA-9FF1-D8B64C749889}.Debug|Any CPU.Build.0 = Debug|Any CPU
		{52960F06-8C23-4AEA-9FF1-D8B64C749889}.Debug|x64.ActiveCfg = Debug|Any CPU
		{52960F06-8C23-4AEA-9FF1-D8B64C749889}.Debug|x64.Build.0 = Debug|Any CPU
		{52960F06-8C23-4AEA-9FF1-D8B64C749889}.Debug|x86.ActiveCfg = Debug|Any CPU
		{52960F06-8C23-4AEA-9FF1-D8B64C749889}.Debug|x86.Build.0 = Debug|Any CPU
		{52960F06-8C23-4AEA-9FF1-D8B64C749889}.Release|Any CPU.ActiveCfg = Release|Any CPU
		{52960F06-8C23-4AEA-9FF1-D8B64C749889}.Release|Any CPU.Build.0 = Release|Any CPU
		{52960F06-8C23-4AEA-9FF1-D8B64C749889}.Release|x64.ActiveCfg = Release|Any CPU
		{52960F06-8C23-4AEA-9FF1-D8B64C749889}.Release|x64.Build.0 = Release|Any CPU
		{52960F06-8C23-4AEA-9FF1-D8B64C749889}.Release|x86.ActiveCfg = Release|Any CPU
		{52960F06-8C23-4AEA-9FF1-D8B64C749889}.Release|x86.Build.0 = Release|Any CPU
		{430B71BA-F61C-45CF-BC51-F46BCA6FAF58}.Debug|Any CPU.ActiveCfg = Debug|Any CPU
		{430B71BA-F61C-45CF-BC51-F46BCA6FAF58}.Debug|Any CPU.Build.0 = Debug|Any CPU
		{430B71BA-F61C-45CF-BC51-F46BCA6FAF58}.Debug|x64.ActiveCfg = Debug|Any CPU
		{430B71BA-F61C-45CF-BC51-F46BCA6FAF58}.Debug|x64.Build.0 = Debug|Any CPU
		{430B71BA-F61C-45CF-BC51-F46BCA6FAF58}.Debug|x86.ActiveCfg = Debug|Any CPU
		{430B71BA-F61C-45CF-BC51-F46BCA6FAF58}.Debug|x86.Build.0 = Debug|Any CPU
		{430B71BA-F61C-45CF-BC51-F46BCA6FAF58}.Release|Any CPU.ActiveCfg = Release|Any CPU
		{430B71BA-F61C-45CF-BC51-F46BCA6FAF58}.Release|Any CPU.Build.0 = Release|Any CPU
		{430B71BA-F61C-45CF-BC51-F46BCA6FAF58}.Release|x64.ActiveCfg = Release|Any CPU
		{430B71BA-F61C-45CF-BC51-F46BCA6FAF58}.Release|x64.Build.0 = Release|Any CPU
		{430B71BA-F61C-45CF-BC51-F46BCA6FAF58}.Release|x86.ActiveCfg = Release|Any CPU
		{430B71BA-F61C-45CF-BC51-F46BCA6FAF58}.Release|x86.Build.0 = Release|Any CPU
		{FBA568E3-1389-4289-BD4B-A04049D43360}.Debug|Any CPU.ActiveCfg = Debug|Any CPU
		{FBA568E3-1389-4289-BD4B-A04049D43360}.Debug|Any CPU.Build.0 = Debug|Any CPU
		{FBA568E3-1389-4289-BD4B-A04049D43360}.Debug|x64.ActiveCfg = Debug|Any CPU
		{FBA568E3-1389-4289-BD4B-A04049D43360}.Debug|x64.Build.0 = Debug|Any CPU
		{FBA568E3-1389-4289-BD4B-A04049D43360}.Debug|x86.ActiveCfg = Debug|Any CPU
		{FBA568E3-1389-4289-BD4B-A04049D43360}.Debug|x86.Build.0 = Debug|Any CPU
		{FBA568E3-1389-4289-BD4B-A04049D43360}.Release|Any CPU.ActiveCfg = Release|Any CPU
		{FBA568E3-1389-4289-BD4B-A04049D43360}.Release|Any CPU.Build.0 = Release|Any CPU
		{FBA568E3-1389-4289-BD4B-A04049D43360}.Release|x64.ActiveCfg = Release|Any CPU
		{FBA568E3-1389-4289-BD4B-A04049D43360}.Release|x64.Build.0 = Release|Any CPU
		{FBA568E3-1389-4289-BD4B-A04049D43360}.Release|x86.ActiveCfg = Release|Any CPU
		{FBA568E3-1389-4289-BD4B-A04049D43360}.Release|x86.Build.0 = Release|Any CPU
		{5B72602C-B160-4551-BBA5-D20C7383F5A8}.Debug|Any CPU.ActiveCfg = Debug|Any CPU
		{5B72602C-B160-4551-BBA5-D20C7383F5A8}.Debug|Any CPU.Build.0 = Debug|Any CPU
		{5B72602C-B160-4551-BBA5-D20C7383F5A8}.Debug|x64.ActiveCfg = Debug|Any CPU
		{5B72602C-B160-4551-BBA5-D20C7383F5A8}.Debug|x64.Build.0 = Debug|Any CPU
		{5B72602C-B160-4551-BBA5-D20C7383F5A8}.Debug|x86.ActiveCfg = Debug|Any CPU
		{5B72602C-B160-4551-BBA5-D20C7383F5A8}.Debug|x86.Build.0 = Debug|Any CPU
		{5B72602C-B160-4551-BBA5-D20C7383F5A8}.Release|Any CPU.ActiveCfg = Release|Any CPU
		{5B72602C-B160-4551-BBA5-D20C7383F5A8}.Release|Any CPU.Build.0 = Release|Any CPU
		{5B72602C-B160-4551-BBA5-D20C7383F5A8}.Release|x64.ActiveCfg = Release|Any CPU
		{5B72602C-B160-4551-BBA5-D20C7383F5A8}.Release|x64.Build.0 = Release|Any CPU
		{5B72602C-B160-4551-BBA5-D20C7383F5A8}.Release|x86.ActiveCfg = Release|Any CPU
		{5B72602C-B160-4551-BBA5-D20C7383F5A8}.Release|x86.Build.0 = Release|Any CPU
		{14304D9E-ADB9-4DF4-91D7-58B1F4AD98A1}.Debug|Any CPU.ActiveCfg = Debug|Any CPU
		{14304D9E-ADB9-4DF4-91D7-58B1F4AD98A1}.Debug|Any CPU.Build.0 = Debug|Any CPU
		{14304D9E-ADB9-4DF4-91D7-58B1F4AD98A1}.Debug|x64.ActiveCfg = Debug|Any CPU
		{14304D9E-ADB9-4DF4-91D7-58B1F4AD98A1}.Debug|x64.Build.0 = Debug|Any CPU
		{14304D9E-ADB9-4DF4-91D7-58B1F4AD98A1}.Debug|x86.ActiveCfg = Debug|Any CPU
		{14304D9E-ADB9-4DF4-91D7-58B1F4AD98A1}.Debug|x86.Build.0 = Debug|Any CPU
		{14304D9E-ADB9-4DF4-91D7-58B1F4AD98A1}.Release|Any CPU.ActiveCfg = Release|Any CPU
		{14304D9E-ADB9-4DF4-91D7-58B1F4AD98A1}.Release|Any CPU.Build.0 = Release|Any CPU
		{14304D9E-ADB9-4DF4-91D7-58B1F4AD98A1}.Release|x64.ActiveCfg = Release|Any CPU
		{14304D9E-ADB9-4DF4-91D7-58B1F4AD98A1}.Release|x64.Build.0 = Release|Any CPU
		{14304D9E-ADB9-4DF4-91D7-58B1F4AD98A1}.Release|x86.ActiveCfg = Release|Any CPU
		{14304D9E-ADB9-4DF4-91D7-58B1F4AD98A1}.Release|x86.Build.0 = Release|Any CPU
		{76F6675B-21AF-459C-AAFB-DA9EE9788D11}.Debug|Any CPU.ActiveCfg = Debug|Any CPU
		{76F6675B-21AF-459C-AAFB-DA9EE9788D11}.Debug|Any CPU.Build.0 = Debug|Any CPU
		{76F6675B-21AF-459C-AAFB-DA9EE9788D11}.Debug|x64.ActiveCfg = Debug|Any CPU
		{76F6675B-21AF-459C-AAFB-DA9EE9788D11}.Debug|x64.Build.0 = Debug|Any CPU
		{76F6675B-21AF-459C-AAFB-DA9EE9788D11}.Debug|x86.ActiveCfg = Debug|Any CPU
		{76F6675B-21AF-459C-AAFB-DA9EE9788D11}.Debug|x86.Build.0 = Debug|Any CPU
		{76F6675B-21AF-459C-AAFB-DA9EE9788D11}.Release|Any CPU.ActiveCfg = Release|Any CPU
		{76F6675B-21AF-459C-AAFB-DA9EE9788D11}.Release|Any CPU.Build.0 = Release|Any CPU
		{76F6675B-21AF-459C-AAFB-DA9EE9788D11}.Release|x64.ActiveCfg = Release|Any CPU
		{76F6675B-21AF-459C-AAFB-DA9EE9788D11}.Release|x64.Build.0 = Release|Any CPU
		{76F6675B-21AF-459C-AAFB-DA9EE9788D11}.Release|x86.ActiveCfg = Release|Any CPU
		{76F6675B-21AF-459C-AAFB-DA9EE9788D11}.Release|x86.Build.0 = Release|Any CPU
		{4C684650-FE41-4895-8910-FC7DA292544D}.Debug|Any CPU.ActiveCfg = Debug|Any CPU
		{4C684650-FE41-4895-8910-FC7DA292544D}.Debug|Any CPU.Build.0 = Debug|Any CPU
		{4C684650-FE41-4895-8910-FC7DA292544D}.Debug|x64.ActiveCfg = Debug|Any CPU
		{4C684650-FE41-4895-8910-FC7DA292544D}.Debug|x64.Build.0 = Debug|Any CPU
		{4C684650-FE41-4895-8910-FC7DA292544D}.Debug|x86.ActiveCfg = Debug|Any CPU
		{4C684650-FE41-4895-8910-FC7DA292544D}.Debug|x86.Build.0 = Debug|Any CPU
		{4C684650-FE41-4895-8910-FC7DA292544D}.Release|Any CPU.ActiveCfg = Release|Any CPU
		{4C684650-FE41-4895-8910-FC7DA292544D}.Release|Any CPU.Build.0 = Release|Any CPU
		{4C684650-FE41-4895-8910-FC7DA292544D}.Release|x64.ActiveCfg = Release|Any CPU
		{4C684650-FE41-4895-8910-FC7DA292544D}.Release|x64.Build.0 = Release|Any CPU
		{4C684650-FE41-4895-8910-FC7DA292544D}.Release|x86.ActiveCfg = Release|Any CPU
		{4C684650-FE41-4895-8910-FC7DA292544D}.Release|x86.Build.0 = Release|Any CPU
		{6EE338A8-0E17-4366-B6CF-C6A8E025DEAE}.Debug|Any CPU.ActiveCfg = Debug|Any CPU
		{6EE338A8-0E17-4366-B6CF-C6A8E025DEAE}.Debug|Any CPU.Build.0 = Debug|Any CPU
		{6EE338A8-0E17-4366-B6CF-C6A8E025DEAE}.Debug|x64.ActiveCfg = Debug|Any CPU
		{6EE338A8-0E17-4366-B6CF-C6A8E025DEAE}.Debug|x64.Build.0 = Debug|Any CPU
		{6EE338A8-0E17-4366-B6CF-C6A8E025DEAE}.Debug|x86.ActiveCfg = Debug|Any CPU
		{6EE338A8-0E17-4366-B6CF-C6A8E025DEAE}.Debug|x86.Build.0 = Debug|Any CPU
		{6EE338A8-0E17-4366-B6CF-C6A8E025DEAE}.Release|Any CPU.ActiveCfg = Release|Any CPU
		{6EE338A8-0E17-4366-B6CF-C6A8E025DEAE}.Release|Any CPU.Build.0 = Release|Any CPU
		{6EE338A8-0E17-4366-B6CF-C6A8E025DEAE}.Release|x64.ActiveCfg = Release|Any CPU
		{6EE338A8-0E17-4366-B6CF-C6A8E025DEAE}.Release|x64.Build.0 = Release|Any CPU
		{6EE338A8-0E17-4366-B6CF-C6A8E025DEAE}.Release|x86.ActiveCfg = Release|Any CPU
		{6EE338A8-0E17-4366-B6CF-C6A8E025DEAE}.Release|x86.Build.0 = Release|Any CPU
		{A6053AC3-B501-4B8E-8E23-98B7E07EAB8F}.Debug|Any CPU.ActiveCfg = Debug|Any CPU
		{A6053AC3-B501-4B8E-8E23-98B7E07EAB8F}.Debug|Any CPU.Build.0 = Debug|Any CPU
		{A6053AC3-B501-4B8E-8E23-98B7E07EAB8F}.Debug|x64.ActiveCfg = Debug|Any CPU
		{A6053AC3-B501-4B8E-8E23-98B7E07EAB8F}.Debug|x64.Build.0 = Debug|Any CPU
		{A6053AC3-B501-4B8E-8E23-98B7E07EAB8F}.Debug|x86.ActiveCfg = Debug|Any CPU
		{A6053AC3-B501-4B8E-8E23-98B7E07EAB8F}.Debug|x86.Build.0 = Debug|Any CPU
		{A6053AC3-B501-4B8E-8E23-98B7E07EAB8F}.Release|Any CPU.ActiveCfg = Release|Any CPU
		{A6053AC3-B501-4B8E-8E23-98B7E07EAB8F}.Release|Any CPU.Build.0 = Release|Any CPU
		{A6053AC3-B501-4B8E-8E23-98B7E07EAB8F}.Release|x64.ActiveCfg = Release|Any CPU
		{A6053AC3-B501-4B8E-8E23-98B7E07EAB8F}.Release|x64.Build.0 = Release|Any CPU
		{A6053AC3-B501-4B8E-8E23-98B7E07EAB8F}.Release|x86.ActiveCfg = Release|Any CPU
		{A6053AC3-B501-4B8E-8E23-98B7E07EAB8F}.Release|x86.Build.0 = Release|Any CPU
		{B18D9948-4A79-4C82-8C79-FE6A059B895B}.Debug|Any CPU.ActiveCfg = Debug|Any CPU
		{B18D9948-4A79-4C82-8C79-FE6A059B895B}.Debug|Any CPU.Build.0 = Debug|Any CPU
		{B18D9948-4A79-4C82-8C79-FE6A059B895B}.Release|Any CPU.ActiveCfg = Release|Any CPU
		{B18D9948-4A79-4C82-8C79-FE6A059B895B}.Release|Any CPU.Build.0 = Release|Any CPU
		{D7649CC0-64E2-4D8E-89A6-8E1E34BAEB11}.Debug|Any CPU.ActiveCfg = Debug|Any CPU
		{D7649CC0-64E2-4D8E-89A6-8E1E34BAEB11}.Debug|Any CPU.Build.0 = Debug|Any CPU
		{D7649CC0-64E2-4D8E-89A6-8E1E34BAEB11}.Release|Any CPU.ActiveCfg = Release|Any CPU
		{D7649CC0-64E2-4D8E-89A6-8E1E34BAEB11}.Release|Any CPU.Build.0 = Release|Any CPU
	EndGlobalSection
	GlobalSection(SolutionProperties) = preSolution
		HideSolutionNode = FALSE
	EndGlobalSection
	GlobalSection(NestedProjects) = preSolution
		{9DD63D8E-0083-44E6-BCB4-93E67D072967} = {35CCCC78-1653-450E-B3A0-B177CDEBF44E}
		{7759C2A6-55EE-4CAF-B778-E5054D487EB4} = {9DD63D8E-0083-44E6-BCB4-93E67D072967}
		{7F25DEF4-FDF2-453B-873D-7DC9283865EC} = {9DD63D8E-0083-44E6-BCB4-93E67D072967}
		{B8792A98-72F0-43FD-B5C6-EA6ABD59E420} = {35CCCC78-1653-450E-B3A0-B177CDEBF44E}
		{7E6AE941-1E3F-4375-A7F8-01B59FEF9ABF} = {B8792A98-72F0-43FD-B5C6-EA6ABD59E420}
		{94801DBB-BAEE-4C23-A0CE-5C97064A4842} = {B8792A98-72F0-43FD-B5C6-EA6ABD59E420}
		{52960F06-8C23-4AEA-9FF1-D8B64C749889} = {B8792A98-72F0-43FD-B5C6-EA6ABD59E420}
		{430B71BA-F61C-45CF-BC51-F46BCA6FAF58} = {B8792A98-72F0-43FD-B5C6-EA6ABD59E420}
		{FBA568E3-1389-4289-BD4B-A04049D43360} = {B8792A98-72F0-43FD-B5C6-EA6ABD59E420}
		{5B72602C-B160-4551-BBA5-D20C7383F5A8} = {B8792A98-72F0-43FD-B5C6-EA6ABD59E420}
		{14304D9E-ADB9-4DF4-91D7-58B1F4AD98A1} = {1F19229A-71B5-48FC-AE83-65E124349ECB}
		{D3EC7B60-0B9F-4AE9-8C8A-A9FCF0805F9D} = {1F19229A-71B5-48FC-AE83-65E124349ECB}
		{76F6675B-21AF-459C-AAFB-DA9EE9788D11} = {D3EC7B60-0B9F-4AE9-8C8A-A9FCF0805F9D}
		{4C684650-FE41-4895-8910-FC7DA292544D} = {D3EC7B60-0B9F-4AE9-8C8A-A9FCF0805F9D}
		{CC292182-0C2F-4EC7-BA0C-EDE1C79F08EC} = {1F19229A-71B5-48FC-AE83-65E124349ECB}
		{6EE338A8-0E17-4366-B6CF-C6A8E025DEAE} = {CC292182-0C2F-4EC7-BA0C-EDE1C79F08EC}
		{A6053AC3-B501-4B8E-8E23-98B7E07EAB8F} = {D3EC7B60-0B9F-4AE9-8C8A-A9FCF0805F9D}
		{B18D9948-4A79-4C82-8C79-FE6A059B895B} = {D3EC7B60-0B9F-4AE9-8C8A-A9FCF0805F9D}
		{D7649CC0-64E2-4D8E-89A6-8E1E34BAEB11} = {CC292182-0C2F-4EC7-BA0C-EDE1C79F08EC}
	EndGlobalSection
EndGlobal
